
Microsoft Visual Studio Solution File, Format Version 12.00
# Visual Studio Version 17
VisualStudioVersion = 17.5.33502.453
MinimumVisualStudioVersion = 10.0.40219.1
Project("{FAE04EC0-301F-11D3-BF4B-00C04F79EFBC}") = "EBooKShopApi", "EBooKShopApi\EBooKShopApi.csproj", "{0E7D8543-4559-4AD8-B9A2-74F712FAE6CA}"
EndProject
Global
	GlobalSection(SolutionConfigurationPlatforms) = preSolution
		Debug|Any CPU = Debug|Any CPU
		Release|Any CPU = Release|Any CPU
	EndGlobalSection
	GlobalSection(ProjectConfigurationPlatforms) = postSolution
		{0E7D8543-4559-4AD8-B9A2-74F712FAE6CA}.Debug|Any CPU.ActiveCfg = Debug|Any CPU
		{0E7D8543-4559-4AD8-B9A2-74F712FAE6CA}.Debug|Any CPU.Build.0 = Debug|Any CPU
		{0E7D8543-4559-4AD8-B9A2-74F712FAE6CA}.Release|Any CPU.ActiveCfg = Release|Any CPU
		{0E7D8543-4559-4AD8-B9A2-74F712FAE6CA}.Release|Any CPU.Build.0 = Release|Any CPU
	EndGlobalSection
	GlobalSection(SolutionProperties) = preSolution
		HideSolutionNode = FALSE
	EndGlobalSection
	GlobalSection(ExtensibilityGlobals) = postSolution
		SolutionGuid = {69328F53-8A7B-4711-9576-9D4F23E7B5DD}
	EndGlobalSection
EndGlobal
